
Microsoft Visual Studio Solution File, Format Version 12.00
# Visual Studio Version 17
VisualStudioVersion = 17.2.32616.157
MinimumVisualStudioVersion = 10.0.40219.1
Project("{FAE04EC0-301F-11D3-BF4B-00C04F79EFBC}") = "SistemaMaisZeroCursos", "SistemaMaisZeroCursos\SistemaMaisZeroCursos.csproj", "{F6D538B0-2F40-4568-8166-D06F613A2BF3}"
EndProject
Global
	GlobalSection(SolutionConfigurationPlatforms) = preSolution
		Debug|Any CPU = Debug|Any CPU
		Release|Any CPU = Release|Any CPU
	EndGlobalSection
	GlobalSection(ProjectConfigurationPlatforms) = postSolution
		{F6D538B0-2F40-4568-8166-D06F613A2BF3}.Debug|Any CPU.ActiveCfg = Debug|Any CPU
		{F6D538B0-2F40-4568-8166-D06F613A2BF3}.Debug|Any CPU.Build.0 = Debug|Any CPU
		{F6D538B0-2F40-4568-8166-D06F613A2BF3}.Release|Any CPU.ActiveCfg = Release|Any CPU
		{F6D538B0-2F40-4568-8166-D06F613A2BF3}.Release|Any CPU.Build.0 = Release|Any CPU
	EndGlobalSection
	GlobalSection(SolutionProperties) = preSolution
		HideSolutionNode = FALSE
	EndGlobalSection
	GlobalSection(ExtensibilityGlobals) = postSolution
		SolutionGuid = {3CE1D6D2-A765-4E18-A389-893F63DED567}
	EndGlobalSection
EndGlobal
